{
  "name": "xml-parser",
  "version": "1.0.0",
  "lockfileVersion": 3,
  "requires": true,
  "packages": {
    "": {
      "name": "xml-parser",
      "version": "1.0.0",
      "license": "ISC",
      "devDependencies": {
        "@types/node": "^22.0.2"
      }
    },
    "node_modules/@types/node": {
      "version": "22.0.2",
      "resolved": "https://registry.npmjs.org/@types/node/-/node-22.0.2.tgz",
      "integrity": "sha512-yPL6DyFwY5PiMVEwymNeqUTKsDczQBJ/5T7W/46RwLU/VH+AA8aT5TZkvBviLKLbbm0hlfftEkGrNzfRk/fofQ==",
      "dev": true,
      "dependencies": {
        "undici-types": "~6.11.1"
      }
    },
    "node_modules/undici-types": {
      "version": "6.11.1",
      "resolved": "https://registry.npmjs.org/undici-types/-/undici-types-6.11.1.tgz",
      "integrity": "sha512-mIDEX2ek50x0OlRgxryxsenE5XaQD4on5U2inY7RApK3SOJpofyw7uW2AyfMKkhAxXIceo2DeWGVGwyvng1GNQ==",
      "dev": true
    }
  }
}
